
Microsoft Visual Studio Solution File, Format Version 12.00
# Visual Studio Version 16
VisualStudioVersion = 16.0.29215.179
MinimumVisualStudioVersion = 10.0.40219.1
Project("{FAE04EC0-301F-11D3-BF4B-00C04F79EFBC}") = "Lab_3", "Lab_3.csproj", "{90BF7327-119D-455D-B30E-4CE7FD31DEF3}"
EndProject
Project("{FAE04EC0-301F-11D3-BF4B-00C04F79EFBC}") = "class_library", "classes\class_library\class_library.csproj", "{01337F11-50D3-4C8A-B69B-1ED88F7502AA}"
EndProject
Project("{FAE04EC0-301F-11D3-BF4B-00C04F79EFBC}") = "IMySerialization", "classes\IMySerialization2\IMySerialization.csproj", "{C4F83932-4774-4CFF-8E57-AFFE046727D5}"
EndProject
Project("{FAE04EC0-301F-11D3-BF4B-00C04F79EFBC}") = "IArchivePlugin", "classes\IArchivePlugin\IArchivePlugin.csproj", "{EF1FED7B-D266-4E0B-90AC-794C4147B157}"
EndProject
Global
	GlobalSection(SolutionConfigurationPlatforms) = preSolution
		Debug|Any CPU = Debug|Any CPU
		Release|Any CPU = Release|Any CPU
	EndGlobalSection
	GlobalSection(ProjectConfigurationPlatforms) = postSolution
		{90BF7327-119D-455D-B30E-4CE7FD31DEF3}.Debug|Any CPU.ActiveCfg = Debug|Any CPU
		{90BF7327-119D-455D-B30E-4CE7FD31DEF3}.Debug|Any CPU.Build.0 = Debug|Any CPU
		{90BF7327-119D-455D-B30E-4CE7FD31DEF3}.Release|Any CPU.ActiveCfg = Release|Any CPU
		{90BF7327-119D-455D-B30E-4CE7FD31DEF3}.Release|Any CPU.Build.0 = Release|Any CPU
		{01337F11-50D3-4C8A-B69B-1ED88F7502AA}.Debug|Any CPU.ActiveCfg = Debug|Any CPU
		{01337F11-50D3-4C8A-B69B-1ED88F7502AA}.Debug|Any CPU.Build.0 = Debug|Any CPU
		{01337F11-50D3-4C8A-B69B-1ED88F7502AA}.Release|Any CPU.ActiveCfg = Release|Any CPU
		{01337F11-50D3-4C8A-B69B-1ED88F7502AA}.Release|Any CPU.Build.0 = Release|Any CPU
		{C4F83932-4774-4CFF-8E57-AFFE046727D5}.Debug|Any CPU.ActiveCfg = Debug|Any CPU
		{C4F83932-4774-4CFF-8E57-AFFE046727D5}.Debug|Any CPU.Build.0 = Debug|Any CPU
		{C4F83932-4774-4CFF-8E57-AFFE046727D5}.Release|Any CPU.ActiveCfg = Release|Any CPU
		{C4F83932-4774-4CFF-8E57-AFFE046727D5}.Release|Any CPU.Build.0 = Release|Any CPU
		{EF1FED7B-D266-4E0B-90AC-794C4147B157}.Debug|Any CPU.ActiveCfg = Debug|Any CPU
		{EF1FED7B-D266-4E0B-90AC-794C4147B157}.Debug|Any CPU.Build.0 = Debug|Any CPU
		{EF1FED7B-D266-4E0B-90AC-794C4147B157}.Release|Any CPU.ActiveCfg = Release|Any CPU
		{EF1FED7B-D266-4E0B-90AC-794C4147B157}.Release|Any CPU.Build.0 = Release|Any CPU
	EndGlobalSection
	GlobalSection(SolutionProperties) = preSolution
		HideSolutionNode = FALSE
	EndGlobalSection
	GlobalSection(ExtensibilityGlobals) = postSolution
		SolutionGuid = {D7409CD2-C468-4A18-A0F7-298AABF33316}
	EndGlobalSection
EndGlobal
